
Microsoft Visual Studio Solution File, Format Version 12.00
# Visual Studio Version 16
VisualStudioVersion = 16.0.33423.256
MinimumVisualStudioVersion = 10.0.40219.1
Project("{FAE04EC0-301F-11D3-BF4B-00C04F79EFBC}") = "gaming", "gaming\gaming.csproj", "{58419C22-3488-456B-A76B-87F90E322F64}"
EndProject
Global
	GlobalSection(SolutionConfigurationPlatforms) = preSolution
		Debug|Any CPU = Debug|Any CPU
		Release|Any CPU = Release|Any CPU
	EndGlobalSection
	GlobalSection(ProjectConfigurationPlatforms) = postSolution
		{58419C22-3488-456B-A76B-87F90E322F64}.Debug|Any CPU.ActiveCfg = Debug|Any CPU
		{58419C22-3488-456B-A76B-87F90E322F64}.Debug|Any CPU.Build.0 = Debug|Any CPU
		{58419C22-3488-456B-A76B-87F90E322F64}.Release|Any CPU.ActiveCfg = Release|Any CPU
		{58419C22-3488-456B-A76B-87F90E322F64}.Release|Any CPU.Build.0 = Release|Any CPU
	EndGlobalSection
	GlobalSection(SolutionProperties) = preSolution
		HideSolutionNode = FALSE
	EndGlobalSection
	GlobalSection(ExtensibilityGlobals) = postSolution
		SolutionGuid = {8914B616-719F-40E1-BD44-7E66AC5E72CD}
	EndGlobalSection
EndGlobal
