
Microsoft Visual Studio Solution File, Format Version 12.00
# Visual Studio Version 16
VisualStudioVersion = 16.0.33423.256
MinimumVisualStudioVersion = 10.0.40219.1
Project("{FAE04EC0-301F-11D3-BF4B-00C04F79EFBC}") = "Game(Constructor)", "Game(Constructor)\Game(Constructor).csproj", "{4EEAF3FF-971E-445D-A0B2-00216B56B016}"
EndProject
Global
	GlobalSection(SolutionConfigurationPlatforms) = preSolution
		Debug|Any CPU = Debug|Any CPU
		Release|Any CPU = Release|Any CPU
	EndGlobalSection
	GlobalSection(ProjectConfigurationPlatforms) = postSolution
		{4EEAF3FF-971E-445D-A0B2-00216B56B016}.Debug|Any CPU.ActiveCfg = Debug|Any CPU
		{4EEAF3FF-971E-445D-A0B2-00216B56B016}.Debug|Any CPU.Build.0 = Debug|Any CPU
		{4EEAF3FF-971E-445D-A0B2-00216B56B016}.Release|Any CPU.ActiveCfg = Release|Any CPU
		{4EEAF3FF-971E-445D-A0B2-00216B56B016}.Release|Any CPU.Build.0 = Release|Any CPU
	EndGlobalSection
	GlobalSection(SolutionProperties) = preSolution
		HideSolutionNode = FALSE
	EndGlobalSection
	GlobalSection(ExtensibilityGlobals) = postSolution
		SolutionGuid = {6E32AD75-C6BC-4108-A497-ED7CBBB1444F}
	EndGlobalSection
EndGlobal
