
Microsoft Visual Studio Solution File, Format Version 12.00
# Visual Studio Version 16
VisualStudioVersion = 16.0.33529.622
MinimumVisualStudioVersion = 10.0.40219.1
Project("{FAE04EC0-301F-11D3-BF4B-00C04F79EFBC}") = "Task1", "Task1\Task1.csproj", "{1F6C633E-A7BA-4E04-AECD-C3E7722B2338}"
EndProject
Global
	GlobalSection(SolutionConfigurationPlatforms) = preSolution
		Debug|Any CPU = Debug|Any CPU
		Release|Any CPU = Release|Any CPU
	EndGlobalSection
	GlobalSection(ProjectConfigurationPlatforms) = postSolution
		{1F6C633E-A7BA-4E04-AECD-C3E7722B2338}.Debug|Any CPU.ActiveCfg = Debug|Any CPU
		{1F6C633E-A7BA-4E04-AECD-C3E7722B2338}.Debug|Any CPU.Build.0 = Debug|Any CPU
		{1F6C633E-A7BA-4E04-AECD-C3E7722B2338}.Release|Any CPU.ActiveCfg = Release|Any CPU
		{1F6C633E-A7BA-4E04-AECD-C3E7722B2338}.Release|Any CPU.Build.0 = Release|Any CPU
	EndGlobalSection
	GlobalSection(SolutionProperties) = preSolution
		HideSolutionNode = FALSE
	EndGlobalSection
	GlobalSection(ExtensibilityGlobals) = postSolution
		SolutionGuid = {55609BC0-A230-4778-AE56-B27A3576E50A}
	EndGlobalSection
EndGlobal
