
Microsoft Visual Studio Solution File, Format Version 12.00
# Visual Studio Version 16
VisualStudioVersion = 16.0.33529.622
MinimumVisualStudioVersion = 10.0.40219.1
Project("{FAE04EC0-301F-11D3-BF4B-00C04F79EFBC}") = "Task3", "Task3\Task3.csproj", "{0BB6788D-E88D-422E-9FA3-3BD289716C64}"
EndProject
Global
	GlobalSection(SolutionConfigurationPlatforms) = preSolution
		Debug|Any CPU = Debug|Any CPU
		Release|Any CPU = Release|Any CPU
	EndGlobalSection
	GlobalSection(ProjectConfigurationPlatforms) = postSolution
		{0BB6788D-E88D-422E-9FA3-3BD289716C64}.Debug|Any CPU.ActiveCfg = Debug|Any CPU
		{0BB6788D-E88D-422E-9FA3-3BD289716C64}.Debug|Any CPU.Build.0 = Debug|Any CPU
		{0BB6788D-E88D-422E-9FA3-3BD289716C64}.Release|Any CPU.ActiveCfg = Release|Any CPU
		{0BB6788D-E88D-422E-9FA3-3BD289716C64}.Release|Any CPU.Build.0 = Release|Any CPU
	EndGlobalSection
	GlobalSection(SolutionProperties) = preSolution
		HideSolutionNode = FALSE
	EndGlobalSection
	GlobalSection(ExtensibilityGlobals) = postSolution
		SolutionGuid = {8D65C8B3-9FB0-42F5-8F9C-2100EDC3C42D}
	EndGlobalSection
EndGlobal
