
Microsoft Visual Studio Solution File, Format Version 12.00
# Visual Studio Version 16
VisualStudioVersion = 16.0.33423.256
MinimumVisualStudioVersion = 10.0.40219.1
Project("{FAE04EC0-301F-11D3-BF4B-00C04F79EFBC}") = "week1task", "week1task\week1task.csproj", "{CE6AD1FB-FC3E-4687-B9E4-F22E7BC99E04}"
EndProject
Global
	GlobalSection(SolutionConfigurationPlatforms) = preSolution
		Debug|Any CPU = Debug|Any CPU
		Release|Any CPU = Release|Any CPU
	EndGlobalSection
	GlobalSection(ProjectConfigurationPlatforms) = postSolution
		{CE6AD1FB-FC3E-4687-B9E4-F22E7BC99E04}.Debug|Any CPU.ActiveCfg = Debug|Any CPU
		{CE6AD1FB-FC3E-4687-B9E4-F22E7BC99E04}.Debug|Any CPU.Build.0 = Debug|Any CPU
		{CE6AD1FB-FC3E-4687-B9E4-F22E7BC99E04}.Release|Any CPU.ActiveCfg = Release|Any CPU
		{CE6AD1FB-FC3E-4687-B9E4-F22E7BC99E04}.Release|Any CPU.Build.0 = Release|Any CPU
	EndGlobalSection
	GlobalSection(SolutionProperties) = preSolution
		HideSolutionNode = FALSE
	EndGlobalSection
	GlobalSection(ExtensibilityGlobals) = postSolution
		SolutionGuid = {5334C38C-B47D-4618-BAD5-475407A3F4C9}
	EndGlobalSection
EndGlobal
