
Microsoft Visual Studio Solution File, Format Version 12.00
# Visual Studio Version 16
VisualStudioVersion = 16.0.33423.256
MinimumVisualStudioVersion = 10.0.40219.1
Project("{FAE04EC0-301F-11D3-BF4B-00C04F79EFBC}") = "task2", "task2\task2.csproj", "{FD26C2BD-DD52-4648-A3E2-60182A5000CC}"
EndProject
Global
	GlobalSection(SolutionConfigurationPlatforms) = preSolution
		Debug|Any CPU = Debug|Any CPU
		Release|Any CPU = Release|Any CPU
	EndGlobalSection
	GlobalSection(ProjectConfigurationPlatforms) = postSolution
		{FD26C2BD-DD52-4648-A3E2-60182A5000CC}.Debug|Any CPU.ActiveCfg = Debug|Any CPU
		{FD26C2BD-DD52-4648-A3E2-60182A5000CC}.Debug|Any CPU.Build.0 = Debug|Any CPU
		{FD26C2BD-DD52-4648-A3E2-60182A5000CC}.Release|Any CPU.ActiveCfg = Release|Any CPU
		{FD26C2BD-DD52-4648-A3E2-60182A5000CC}.Release|Any CPU.Build.0 = Release|Any CPU
	EndGlobalSection
	GlobalSection(SolutionProperties) = preSolution
		HideSolutionNode = FALSE
	EndGlobalSection
	GlobalSection(ExtensibilityGlobals) = postSolution
		SolutionGuid = {6D93ED2A-ED70-4716-BAC5-23FBC50D16B5}
	EndGlobalSection
EndGlobal
