
Microsoft Visual Studio Solution File, Format Version 12.00
# Visual Studio Version 16
VisualStudioVersion = 16.0.33423.256
MinimumVisualStudioVersion = 10.0.40219.1
Project("{FAE04EC0-301F-11D3-BF4B-00C04F79EFBC}") = "task3", "task3\task3.csproj", "{12403AEE-3B0F-4641-A7F0-0BAFF8A98811}"
EndProject
Global
	GlobalSection(SolutionConfigurationPlatforms) = preSolution
		Debug|Any CPU = Debug|Any CPU
		Release|Any CPU = Release|Any CPU
	EndGlobalSection
	GlobalSection(ProjectConfigurationPlatforms) = postSolution
		{12403AEE-3B0F-4641-A7F0-0BAFF8A98811}.Debug|Any CPU.ActiveCfg = Debug|Any CPU
		{12403AEE-3B0F-4641-A7F0-0BAFF8A98811}.Debug|Any CPU.Build.0 = Debug|Any CPU
		{12403AEE-3B0F-4641-A7F0-0BAFF8A98811}.Release|Any CPU.ActiveCfg = Release|Any CPU
		{12403AEE-3B0F-4641-A7F0-0BAFF8A98811}.Release|Any CPU.Build.0 = Release|Any CPU
	EndGlobalSection
	GlobalSection(SolutionProperties) = preSolution
		HideSolutionNode = FALSE
	EndGlobalSection
	GlobalSection(ExtensibilityGlobals) = postSolution
		SolutionGuid = {04CEAFAD-B448-42B5-8204-41C594B4BE07}
	EndGlobalSection
EndGlobal
