
Microsoft Visual Studio Solution File, Format Version 12.00
# Visual Studio Version 16
VisualStudioVersion = 16.0.33529.622
MinimumVisualStudioVersion = 10.0.40219.1
Project("{FAE04EC0-301F-11D3-BF4B-00C04F79EFBC}") = "Task", "Task\Task.csproj", "{84544BE3-677E-4F46-BC4B-818BAEFE1258}"
EndProject
Global
	GlobalSection(SolutionConfigurationPlatforms) = preSolution
		Debug|Any CPU = Debug|Any CPU
		Release|Any CPU = Release|Any CPU
	EndGlobalSection
	GlobalSection(ProjectConfigurationPlatforms) = postSolution
		{84544BE3-677E-4F46-BC4B-818BAEFE1258}.Debug|Any CPU.ActiveCfg = Debug|Any CPU
		{84544BE3-677E-4F46-BC4B-818BAEFE1258}.Debug|Any CPU.Build.0 = Debug|Any CPU
		{84544BE3-677E-4F46-BC4B-818BAEFE1258}.Release|Any CPU.ActiveCfg = Release|Any CPU
		{84544BE3-677E-4F46-BC4B-818BAEFE1258}.Release|Any CPU.Build.0 = Release|Any CPU
	EndGlobalSection
	GlobalSection(SolutionProperties) = preSolution
		HideSolutionNode = FALSE
	EndGlobalSection
	GlobalSection(ExtensibilityGlobals) = postSolution
		SolutionGuid = {E2A55FA4-7C07-46E4-B2B3-69B38C6D15E5}
	EndGlobalSection
EndGlobal
