
Microsoft Visual Studio Solution File, Format Version 12.00
# Visual Studio Version 16
VisualStudioVersion = 16.0.33529.622
MinimumVisualStudioVersion = 10.0.40219.1
Project("{FAE04EC0-301F-11D3-BF4B-00C04F79EFBC}") = "Task1", "Task1\Task1.csproj", "{C75AD8B6-8F81-44E0-9336-4FF5FF977853}"
EndProject
Global
	GlobalSection(SolutionConfigurationPlatforms) = preSolution
		Debug|Any CPU = Debug|Any CPU
		Release|Any CPU = Release|Any CPU
	EndGlobalSection
	GlobalSection(ProjectConfigurationPlatforms) = postSolution
		{C75AD8B6-8F81-44E0-9336-4FF5FF977853}.Debug|Any CPU.ActiveCfg = Debug|Any CPU
		{C75AD8B6-8F81-44E0-9336-4FF5FF977853}.Debug|Any CPU.Build.0 = Debug|Any CPU
		{C75AD8B6-8F81-44E0-9336-4FF5FF977853}.Release|Any CPU.ActiveCfg = Release|Any CPU
		{C75AD8B6-8F81-44E0-9336-4FF5FF977853}.Release|Any CPU.Build.0 = Release|Any CPU
	EndGlobalSection
	GlobalSection(SolutionProperties) = preSolution
		HideSolutionNode = FALSE
	EndGlobalSection
	GlobalSection(ExtensibilityGlobals) = postSolution
		SolutionGuid = {C6904B05-CF75-4E1D-8CA0-A987E5D00518}
	EndGlobalSection
EndGlobal
