
Microsoft Visual Studio Solution File, Format Version 12.00
# Visual Studio Version 16
VisualStudioVersion = 16.0.33423.256
MinimumVisualStudioVersion = 10.0.40219.1
Project("{FAE04EC0-301F-11D3-BF4B-00C04F79EFBC}") = "task1", "task1\task1.csproj", "{AE4FEB60-426F-466E-9EA9-9EEDE5133D7D}"
EndProject
Global
	GlobalSection(SolutionConfigurationPlatforms) = preSolution
		Debug|Any CPU = Debug|Any CPU
		Release|Any CPU = Release|Any CPU
	EndGlobalSection
	GlobalSection(ProjectConfigurationPlatforms) = postSolution
		{AE4FEB60-426F-466E-9EA9-9EEDE5133D7D}.Debug|Any CPU.ActiveCfg = Debug|Any CPU
		{AE4FEB60-426F-466E-9EA9-9EEDE5133D7D}.Debug|Any CPU.Build.0 = Debug|Any CPU
		{AE4FEB60-426F-466E-9EA9-9EEDE5133D7D}.Release|Any CPU.ActiveCfg = Release|Any CPU
		{AE4FEB60-426F-466E-9EA9-9EEDE5133D7D}.Release|Any CPU.Build.0 = Release|Any CPU
	EndGlobalSection
	GlobalSection(SolutionProperties) = preSolution
		HideSolutionNode = FALSE
	EndGlobalSection
	GlobalSection(ExtensibilityGlobals) = postSolution
		SolutionGuid = {4B95B80A-3A2A-42D3-A9D4-7A3C83C716F0}
	EndGlobalSection
EndGlobal
