
Microsoft Visual Studio Solution File, Format Version 12.00
# Visual Studio Version 16
VisualStudioVersion = 16.0.33423.256
MinimumVisualStudioVersion = 10.0.40219.1
Project("{FAE04EC0-301F-11D3-BF4B-00C04F79EFBC}") = "store", "store\store.csproj", "{993140D1-D017-4FE3-A60A-A69DE78FE6FB}"
EndProject
Global
	GlobalSection(SolutionConfigurationPlatforms) = preSolution
		Debug|Any CPU = Debug|Any CPU
		Release|Any CPU = Release|Any CPU
	EndGlobalSection
	GlobalSection(ProjectConfigurationPlatforms) = postSolution
		{993140D1-D017-4FE3-A60A-A69DE78FE6FB}.Debug|Any CPU.ActiveCfg = Debug|Any CPU
		{993140D1-D017-4FE3-A60A-A69DE78FE6FB}.Debug|Any CPU.Build.0 = Debug|Any CPU
		{993140D1-D017-4FE3-A60A-A69DE78FE6FB}.Release|Any CPU.ActiveCfg = Release|Any CPU
		{993140D1-D017-4FE3-A60A-A69DE78FE6FB}.Release|Any CPU.Build.0 = Release|Any CPU
	EndGlobalSection
	GlobalSection(SolutionProperties) = preSolution
		HideSolutionNode = FALSE
	EndGlobalSection
	GlobalSection(ExtensibilityGlobals) = postSolution
		SolutionGuid = {6E1D6DE3-01EF-4A8B-8AF3-F653B230577C}
	EndGlobalSection
EndGlobal
