
Microsoft Visual Studio Solution File, Format Version 12.00
# Visual Studio Version 16
VisualStudioVersion = 16.0.33529.622
MinimumVisualStudioVersion = 10.0.40219.1
Project("{FAE04EC0-301F-11D3-BF4B-00C04F79EFBC}") = "self Assesment 2", "self Assesment 2\self Assesment 2.csproj", "{FD51B2BD-3D4A-4B78-B188-68EF3BB06BCF}"
EndProject
Global
	GlobalSection(SolutionConfigurationPlatforms) = preSolution
		Debug|Any CPU = Debug|Any CPU
		Release|Any CPU = Release|Any CPU
	EndGlobalSection
	GlobalSection(ProjectConfigurationPlatforms) = postSolution
		{FD51B2BD-3D4A-4B78-B188-68EF3BB06BCF}.Debug|Any CPU.ActiveCfg = Debug|Any CPU
		{FD51B2BD-3D4A-4B78-B188-68EF3BB06BCF}.Debug|Any CPU.Build.0 = Debug|Any CPU
		{FD51B2BD-3D4A-4B78-B188-68EF3BB06BCF}.Release|Any CPU.ActiveCfg = Release|Any CPU
		{FD51B2BD-3D4A-4B78-B188-68EF3BB06BCF}.Release|Any CPU.Build.0 = Release|Any CPU
	EndGlobalSection
	GlobalSection(SolutionProperties) = preSolution
		HideSolutionNode = FALSE
	EndGlobalSection
	GlobalSection(ExtensibilityGlobals) = postSolution
		SolutionGuid = {47BE8EEC-1AE3-416C-A2E4-7AAF417083D8}
	EndGlobalSection
EndGlobal
